
Microsoft Visual Studio Solution File, Format Version 12.00
# Visual Studio Version 17
VisualStudioVersion = 17.3.32901.215
MinimumVisualStudioVersion = 10.0.40219.1
Project("{FAE04EC0-301F-11D3-BF4B-00C04F79EFBC}") = "SampleMVCProject", "SampleMVCProject\SampleMVCProject.csproj", "{D993533B-17AA-414C-A339-E083E0129134}"
EndProject
Global
	GlobalSection(SolutionConfigurationPlatforms) = preSolution
		Debug|Any CPU = Debug|Any CPU
		Release|Any CPU = Release|Any CPU
	EndGlobalSection
	GlobalSection(ProjectConfigurationPlatforms) = postSolution
		{D993533B-17AA-414C-A339-E083E0129134}.Debug|Any CPU.ActiveCfg = Debug|Any CPU
		{D993533B-17AA-414C-A339-E083E0129134}.Debug|Any CPU.Build.0 = Debug|Any CPU
		{D993533B-17AA-414C-A339-E083E0129134}.Release|Any CPU.ActiveCfg = Release|Any CPU
		{D993533B-17AA-414C-A339-E083E0129134}.Release|Any CPU.Build.0 = Release|Any CPU
	EndGlobalSection
	GlobalSection(SolutionProperties) = preSolution
		HideSolutionNode = FALSE
	EndGlobalSection
	GlobalSection(ExtensibilityGlobals) = postSolution
		SolutionGuid = {1D4DE550-8D0A-477F-A40C-D82CE91723F7}
	EndGlobalSection
EndGlobal
